
Microsoft Visual Studio Solution File, Format Version 12.00
# Visual Studio 15
VisualStudioVersion = 15.0.28010.2026
MinimumVisualStudioVersion = 10.0.40219.1
Project("{FAE04EC0-301F-11D3-BF4B-00C04F79EFBC}") = "TexodeTask", "TexodeTask\TexodeTask.csproj", "{86F63544-58A0-489E-9261-92ED2FC47CF4}"
EndProject
Global
	GlobalSection(SolutionConfigurationPlatforms) = preSolution
		Debug|Any CPU = Debug|Any CPU
		Release|Any CPU = Release|Any CPU
	EndGlobalSection
	GlobalSection(ProjectConfigurationPlatforms) = postSolution
		{86F63544-58A0-489E-9261-92ED2FC47CF4}.Debug|Any CPU.ActiveCfg = Debug|Any CPU
		{86F63544-58A0-489E-9261-92ED2FC47CF4}.Debug|Any CPU.Build.0 = Debug|Any CPU
		{86F63544-58A0-489E-9261-92ED2FC47CF4}.Release|Any CPU.ActiveCfg = Release|Any CPU
		{86F63544-58A0-489E-9261-92ED2FC47CF4}.Release|Any CPU.Build.0 = Release|Any CPU
	EndGlobalSection
	GlobalSection(SolutionProperties) = preSolution
		HideSolutionNode = FALSE
	EndGlobalSection
	GlobalSection(ExtensibilityGlobals) = postSolution
		SolutionGuid = {D5F84A29-C6BE-4E64-B887-80DBFAD80C09}
	EndGlobalSection
EndGlobal
